// !$*UTF8*$!
{
	archiveVersion = 1;
	classes = {
	};
	objectVersion = 55;
	objects = {

/* Begin PBXBuildFile section */
		25085F4028B0FDB0001A27A2 /* PlayerProblemsPresenter.swift in Sources */ = {isa = PBXBuildFile; fileRef = 25085F3A28B0FDB0001A27A2 /* PlayerProblemsPresenter.swift */; };
		25085F4128B0FDB0001A27A2 /* PlayerProblemsRouter.swift in Sources */ = {isa = PBXBuildFile; fileRef = 25085F3B28B0FDB0001A27A2 /* PlayerProblemsRouter.swift */; };
		25085F4228B0FDB0001A27A2 /* PlayerProblemsViewController.swift in Sources */ = {isa = PBXBuildFile; fileRef = 25085F3C28B0FDB0001A27A2 /* PlayerProblemsViewController.swift */; };
		25085F4328B0FDB0001A27A2 /* PlayerProblemsProtocols.swift in Sources */ = {isa = PBXBuildFile; fileRef = 25085F3D28B0FDB0001A27A2 /* PlayerProblemsProtocols.swift */; };
		25085F4428B0FDB0001A27A2 /* PlayerProblemsInteractor.swift in Sources */ = {isa = PBXBuildFile; fileRef = 25085F3E28B0FDB0001A27A2 /* PlayerProblemsInteractor.swift */; };
		25085F4528B0FDB0001A27A2 /* PlayerProblemsContainer.swift in Sources */ = {isa = PBXBuildFile; fileRef = 25085F3F28B0FDB0001A27A2 /* PlayerProblemsContainer.swift */; };
		25085F4728B108A4001A27A2 /* Timer.swift in Sources */ = {isa = PBXBuildFile; fileRef = 25085F4628B108A4001A27A2 /* Timer.swift */; };
		25111AC728A7583900FDF69E /* AppDelegate.swift in Sources */ = {isa = PBXBuildFile; fileRef = 25111AC628A7583900FDF69E /* AppDelegate.swift */; };
		25111AC928A7583900FDF69E /* SceneDelegate.swift in Sources */ = {isa = PBXBuildFile; fileRef = 25111AC828A7583900FDF69E /* SceneDelegate.swift */; };
		25111ACB28A7583900FDF69E /* ViewController.swift in Sources */ = {isa = PBXBuildFile; fileRef = 25111ACA28A7583900FDF69E /* ViewController.swift */; };
		25111ACE28A7583900FDF69E /* (null) in Resources */ = {isa = PBXBuildFile; };
		25111AD328A7583C00FDF69E /* LaunchScreen.storyboard in Resources */ = {isa = PBXBuildFile; fileRef = 25111AD128A7583C00FDF69E /* LaunchScreen.storyboard */; };
		25111AE128A7601600FDF69E /* SavedCardPresenter.swift in Sources */ = {isa = PBXBuildFile; fileRef = 25111ADB28A7601600FDF69E /* SavedCardPresenter.swift */; };
		25111AE228A7601600FDF69E /* SavedCardRouter.swift in Sources */ = {isa = PBXBuildFile; fileRef = 25111ADC28A7601600FDF69E /* SavedCardRouter.swift */; };
		25111AE328A7601600FDF69E /* SavedCardViewController.swift in Sources */ = {isa = PBXBuildFile; fileRef = 25111ADD28A7601600FDF69E /* SavedCardViewController.swift */; };
		25111AE428A7601600FDF69E /* SavedCardProtocols.swift in Sources */ = {isa = PBXBuildFile; fileRef = 25111ADE28A7601600FDF69E /* SavedCardProtocols.swift */; };
		25111AE528A7601600FDF69E /* SavedCardInteractor.swift in Sources */ = {isa = PBXBuildFile; fileRef = 25111ADF28A7601600FDF69E /* SavedCardInteractor.swift */; };
		25111AE628A7601600FDF69E /* SavedCardContainer.swift in Sources */ = {isa = PBXBuildFile; fileRef = 25111AE028A7601600FDF69E /* SavedCardContainer.swift */; };
		25111AEC28A8302300FDF69E /* SavedCard.swift in Sources */ = {isa = PBXBuildFile; fileRef = 25111AEB28A8302200FDF69E /* SavedCard.swift */; };
		25111AEF28A8A23C00FDF69E /* TableCellRegistrationExtension.swift in Sources */ = {isa = PBXBuildFile; fileRef = 25111AEE28A8A23C00FDF69E /* TableCellRegistrationExtension.swift */; };
		25111AF128A8A41C00FDF69E /* SavedCardTableViewCell.swift in Sources */ = {isa = PBXBuildFile; fileRef = 25111AF028A8A41C00FDF69E /* SavedCardTableViewCell.swift */; };
		25111AF328A8B11000FDF69E /* ProfileSettingsViewController.swift in Sources */ = {isa = PBXBuildFile; fileRef = 25111AF228A8B11000FDF69E /* ProfileSettingsViewController.swift */; };
		25688D5428B37C9800C38D1B /* PersonModel.swift in Sources */ = {isa = PBXBuildFile; fileRef = 25688D5128B37C9700C38D1B /* PersonModel.swift */; };
		25688D5528B37C9800C38D1B /* ResultModel.swift in Sources */ = {isa = PBXBuildFile; fileRef = 25688D5228B37C9700C38D1B /* ResultModel.swift */; };
		25688D5628B37C9800C38D1B /* GameModel.swift in Sources */ = {isa = PBXBuildFile; fileRef = 25688D5328B37C9700C38D1B /* GameModel.swift */; };
		25688D5F28B39ACA00C38D1B /* DiscussionViewController.swift in Sources */ = {isa = PBXBuildFile; fileRef = 25688D5828B39AC800C38D1B /* DiscussionViewController.swift */; };
		25688D6028B39ACA00C38D1B /* DiscussionPresenter.swift in Sources */ = {isa = PBXBuildFile; fileRef = 25688D5928B39AC800C38D1B /* DiscussionPresenter.swift */; };
		25688D6128B39ACA00C38D1B /* ProblemDiscussionCell.swift in Sources */ = {isa = PBXBuildFile; fileRef = 25688D5A28B39AC900C38D1B /* ProblemDiscussionCell.swift */; };
		25688D6228B39ACA00C38D1B /* DiscussionInteractor.swift in Sources */ = {isa = PBXBuildFile; fileRef = 25688D5B28B39AC900C38D1B /* DiscussionInteractor.swift */; };
		25688D6328B39ACA00C38D1B /* DiscussionProtocols.swift in Sources */ = {isa = PBXBuildFile; fileRef = 25688D5C28B39AC900C38D1B /* DiscussionProtocols.swift */; };
		25688D6428B39ACA00C38D1B /* DiscussionContainer.swift in Sources */ = {isa = PBXBuildFile; fileRef = 25688D5D28B39ACA00C38D1B /* DiscussionContainer.swift */; };
		25688D6528B39ACA00C38D1B /* DiscussionRouter.swift in Sources */ = {isa = PBXBuildFile; fileRef = 25688D5E28B39ACA00C38D1B /* DiscussionRouter.swift */; };
		25688D6D28B3AA9600C38D1B /* TeammateCardSolutionPresenter.swift in Sources */ = {isa = PBXBuildFile; fileRef = 25688D6728B3AA9600C38D1B /* TeammateCardSolutionPresenter.swift */; };
		25688D6E28B3AA9600C38D1B /* TeammateCardSolutionProtocols.swift in Sources */ = {isa = PBXBuildFile; fileRef = 25688D6828B3AA9600C38D1B /* TeammateCardSolutionProtocols.swift */; };
		25688D6F28B3AA9600C38D1B /* TeammateCardSolutionInteractor.swift in Sources */ = {isa = PBXBuildFile; fileRef = 25688D6928B3AA9600C38D1B /* TeammateCardSolutionInteractor.swift */; };
		25688D7028B3AA9600C38D1B /* TeammateCardSolutionViewController.swift in Sources */ = {isa = PBXBuildFile; fileRef = 25688D6A28B3AA9600C38D1B /* TeammateCardSolutionViewController.swift */; };
		25688D7128B3AA9600C38D1B /* TeammateCardSolutionRouter.swift in Sources */ = {isa = PBXBuildFile; fileRef = 25688D6B28B3AA9600C38D1B /* TeammateCardSolutionRouter.swift */; };
		25688D7228B3AA9600C38D1B /* TeammateCardSolutionContainer.swift in Sources */ = {isa = PBXBuildFile; fileRef = 25688D6C28B3AA9600C38D1B /* TeammateCardSolutionContainer.swift */; };
		25688D8228B4E34F00C38D1B /* CardView.swift in Sources */ = {isa = PBXBuildFile; fileRef = 25688D7E28B4E34F00C38D1B /* CardView.swift */; };
		25688D8328B4E34F00C38D1B /* ImageView.swift in Sources */ = {isa = PBXBuildFile; fileRef = 25688D7F28B4E34F00C38D1B /* ImageView.swift */; };
		25688D8428B4E34F00C38D1B /* EmojiOptionsOverlay.swift in Sources */ = {isa = PBXBuildFile; fileRef = 25688D8028B4E34F00C38D1B /* EmojiOptionsOverlay.swift */; };
		25688D8528B4E34F00C38D1B /* SliderViewController.swift in Sources */ = {isa = PBXBuildFile; fileRef = 25688D8128B4E34F00C38D1B /* SliderViewController.swift */; };
		25688D8828B4E35700C38D1B /* RatingSliderViewController.swift in Sources */ = {isa = PBXBuildFile; fileRef = 25688D8728B4E35700C38D1B /* RatingSliderViewController.swift */; };
		25B3681528B112E800B75853 /* ProblemCell.swift in Sources */ = {isa = PBXBuildFile; fileRef = 25B3681428B112E800B75853 /* ProblemCell.swift */; };
		25B3681728B1161E00B75853 /* Colors.swift in Sources */ = {isa = PBXBuildFile; fileRef = 25B3681628B1161E00B75853 /* Colors.swift */; };
		25B3681928B15CB700B75853 /* ButtonProblemCell.swift in Sources */ = {isa = PBXBuildFile; fileRef = 25B3681828B15CB700B75853 /* ButtonProblemCell.swift */; };
		4D09CB6628AD277D00A8454B /* Assets.xcassets in Resources */ = {isa = PBXBuildFile; fileRef = 4D09CB6528AD277D00A8454B /* Assets.xcassets */; };
		4D434C5F28B61EA300EB084D /* LICENSE in Resources */ = {isa = PBXBuildFile; fileRef = 4D434C5228B61EA300EB084D /* LICENSE */; };
		4D434C6028B61EA300EB084D /* CardTitleView.swift in Sources */ = {isa = PBXBuildFile; fileRef = 4D434C5628B61EA300EB084D /* CardTitleView.swift */; };
		4D434C6128B61EA300EB084D /* CardSliderCell.swift in Sources */ = {isa = PBXBuildFile; fileRef = 4D434C5728B61EA300EB084D /* CardSliderCell.swift */; };
		4D434C6228B61EA300EB084D /* CardSliderViewController.swift in Sources */ = {isa = PBXBuildFile; fileRef = 4D434C5828B61EA300EB084D /* CardSliderViewController.swift */; };
		4D434C6328B61EA300EB084D /* CardsLayout.swift in Sources */ = {isa = PBXBuildFile; fileRef = 4D434C5A28B61EA300EB084D /* CardsLayout.swift */; };
		4D434C6428B61EA300EB084D /* RatingView.swift in Sources */ = {isa = PBXBuildFile; fileRef = 4D434C5B28B61EA300EB084D /* RatingView.swift */; };
		4D434C6528B61EA300EB084D /* Extensions.swift in Sources */ = {isa = PBXBuildFile; fileRef = 4D434C5C28B61EA300EB084D /* Extensions.swift */; };
		4D434C6628B61EA300EB084D /* Main.storyboard in Resources */ = {isa = PBXBuildFile; fileRef = 4D434C5D28B61EA300EB084D /* Main.storyboard */; };
		4D434C6728B61EA300EB084D /* README.md in Resources */ = {isa = PBXBuildFile; fileRef = 4D434C5E28B61EA300EB084D /* README.md */; };
		4D5C838A28AA2C26005F01F8 /* SignInViewController.swift in Sources */ = {isa = PBXBuildFile; fileRef = 4D5C838928AA2C26005F01F8 /* SignInViewController.swift */; };
		4D5C838C28AA2CAB005F01F8 /* SignInHeaderView.swift in Sources */ = {isa = PBXBuildFile; fileRef = 4D5C838B28AA2CAB005F01F8 /* SignInHeaderView.swift */; };
		4D5C838E28AA2D65005F01F8 /* AuthManager.swift in Sources */ = {isa = PBXBuildFile; fileRef = 4D5C838D28AA2D65005F01F8 /* AuthManager.swift */; };
		4D5C839028AA2E21005F01F8 /* SignUpViewController.swift in Sources */ = {isa = PBXBuildFile; fileRef = 4D5C838F28AA2E21005F01F8 /* SignUpViewController.swift */; };
		4D5C839228AA2EA1005F01F8 /* User.swift in Sources */ = {isa = PBXBuildFile; fileRef = 4D5C839128AA2EA1005F01F8 /* User.swift */; };
		4D5C839428AA696A005F01F8 /* DatabaseManager.swift in Sources */ = {isa = PBXBuildFile; fileRef = 4D5C839328AA696A005F01F8 /* DatabaseManager.swift */; };
		4D5C83A028AABDB5005F01F8 /* GoogleService-Info.plist in Resources */ = {isa = PBXBuildFile; fileRef = 4D5C839F28AABDB5005F01F8 /* GoogleService-Info.plist */; };
		82810EF228B0239B005D8FC0 /* EnterPlayerNameContainer.swift in Sources */ = {isa = PBXBuildFile; fileRef = 82810EEC28B0239B005D8FC0 /* EnterPlayerNameContainer.swift */; };
		82810EF328B0239B005D8FC0 /* EnterPlayerNameRouter.swift in Sources */ = {isa = PBXBuildFile; fileRef = 82810EED28B0239B005D8FC0 /* EnterPlayerNameRouter.swift */; };
		82810EF428B0239B005D8FC0 /* EnterPlayerNameViewController.swift in Sources */ = {isa = PBXBuildFile; fileRef = 82810EEE28B0239B005D8FC0 /* EnterPlayerNameViewController.swift */; };
		82810EF528B0239B005D8FC0 /* EnterPlayerNameInteractor.swift in Sources */ = {isa = PBXBuildFile; fileRef = 82810EEF28B0239B005D8FC0 /* EnterPlayerNameInteractor.swift */; };
		82810EF628B0239B005D8FC0 /* EnterPlayerNamePresenter.swift in Sources */ = {isa = PBXBuildFile; fileRef = 82810EF028B0239B005D8FC0 /* EnterPlayerNamePresenter.swift */; };
		82810EF728B0239B005D8FC0 /* EnterPlayerNameProtocols.swift in Sources */ = {isa = PBXBuildFile; fileRef = 82810EF128B0239B005D8FC0 /* EnterPlayerNameProtocols.swift */; };
		82BD761528B018BD00FFBFEF /* UIScreenExtension.swift in Sources */ = {isa = PBXBuildFile; fileRef = 82BD75F528B018B900FFBFEF /* UIScreenExtension.swift */; };
		82BD761828B018BD00FFBFEF /* UIColorOrPictureButton.swift in Sources */ = {isa = PBXBuildFile; fileRef = 82BD75F828B018BA00FFBFEF /* UIColorOrPictureButton.swift */; };
		82BD761928B018BD00FFBFEF /* UIColorExtension.swift in Sources */ = {isa = PBXBuildFile; fileRef = 82BD75F928B018BA00FFBFEF /* UIColorExtension.swift */; };
		82BD761C28B018BD00FFBFEF /* Person.swift in Sources */ = {isa = PBXBuildFile; fileRef = 82BD75FC28B018BB00FFBFEF /* Person.swift */; };
		82BD761F28B018BD00FFBFEF /* StartBrainStormViewController.swift in Sources */ = {isa = PBXBuildFile; fileRef = 82BD760028B018BB00FFBFEF /* StartBrainStormViewController.swift */; };
		82BD762028B018BD00FFBFEF /* StartBrainStormContainer.swift in Sources */ = {isa = PBXBuildFile; fileRef = 82BD760128B018BB00FFBFEF /* StartBrainStormContainer.swift */; };
		82BD762128B018BD00FFBFEF /* ThemeCell.swift in Sources */ = {isa = PBXBuildFile; fileRef = 82BD760228B018BB00FFBFEF /* ThemeCell.swift */; };
		82BD762228B018BD00FFBFEF /* StartBrainStormRouter.swift in Sources */ = {isa = PBXBuildFile; fileRef = 82BD760328B018BB00FFBFEF /* StartBrainStormRouter.swift */; };
		82BD762328B018BD00FFBFEF /* StartBrainStormPresenter.swift in Sources */ = {isa = PBXBuildFile; fileRef = 82BD760428B018BB00FFBFEF /* StartBrainStormPresenter.swift */; };
		82BD762428B018BD00FFBFEF /* StartBrainStormInteractor.swift in Sources */ = {isa = PBXBuildFile; fileRef = 82BD760528B018BB00FFBFEF /* StartBrainStormInteractor.swift */; };
		82BD762528B018BD00FFBFEF /* StartBrainStormProtocols.swift in Sources */ = {isa = PBXBuildFile; fileRef = 82BD760628B018BB00FFBFEF /* StartBrainStormProtocols.swift */; };
		82BD763A28B01A8600FFBFEF /* OpenedCardViewController.swift in Sources */ = {isa = PBXBuildFile; fileRef = 82BD763428B01A8500FFBFEF /* OpenedCardViewController.swift */; };
		82BD763B28B01A8600FFBFEF /* OpenedCardRouter.swift in Sources */ = {isa = PBXBuildFile; fileRef = 82BD763528B01A8500FFBFEF /* OpenedCardRouter.swift */; };
		82BD763C28B01A8600FFBFEF /* OpenedCardPresenter.swift in Sources */ = {isa = PBXBuildFile; fileRef = 82BD763628B01A8500FFBFEF /* OpenedCardPresenter.swift */; };
		82BD763D28B01A8600FFBFEF /* OpenedCardProtocols.swift in Sources */ = {isa = PBXBuildFile; fileRef = 82BD763728B01A8500FFBFEF /* OpenedCardProtocols.swift */; };
		82BD763E28B01A8600FFBFEF /* OpenedCardContainer.swift in Sources */ = {isa = PBXBuildFile; fileRef = 82BD763828B01A8500FFBFEF /* OpenedCardContainer.swift */; };
		82BD763F28B01A8600FFBFEF /* OpenedCardInteractor.swift in Sources */ = {isa = PBXBuildFile; fileRef = 82BD763928B01A8500FFBFEF /* OpenedCardInteractor.swift */; };
		82BD764728B01F4900FFBFEF /* ProfilePresenter.swift in Sources */ = {isa = PBXBuildFile; fileRef = 82BD764128B01F4900FFBFEF /* ProfilePresenter.swift */; };
		82BD764828B01F4900FFBFEF /* ProfileRouter.swift in Sources */ = {isa = PBXBuildFile; fileRef = 82BD764228B01F4900FFBFEF /* ProfileRouter.swift */; };
		82BD764928B01F4900FFBFEF /* ProfileProtocols.swift in Sources */ = {isa = PBXBuildFile; fileRef = 82BD764328B01F4900FFBFEF /* ProfileProtocols.swift */; };
		82BD764A28B01F4900FFBFEF /* ProfileViewController.swift in Sources */ = {isa = PBXBuildFile; fileRef = 82BD764428B01F4900FFBFEF /* ProfileViewController.swift */; };
		82BD764B28B01F4900FFBFEF /* ProfileInteractor.swift in Sources */ = {isa = PBXBuildFile; fileRef = 82BD764528B01F4900FFBFEF /* ProfileInteractor.swift */; };
		82BD764C28B01F4900FFBFEF /* ProfileContainer.swift in Sources */ = {isa = PBXBuildFile; fileRef = 82BD764628B01F4900FFBFEF /* ProfileContainer.swift */; };
		B054EC7CA93651AF18A26174 /* Pods_BrainStorm.framework in Frameworks */ = {isa = PBXBuildFile; fileRef = 50CA391CA512711D3699DEA9 /* Pods_BrainStorm.framework */; };
/* End PBXBuildFile section */

/* Begin PBXFileReference section */
		25085F3A28B0FDB0001A27A2 /* PlayerProblemsPresenter.swift */ = {isa = PBXFileReference; lastKnownFileType = sourcecode.swift; path = PlayerProblemsPresenter.swift; sourceTree = "<group>"; };
		25085F3B28B0FDB0001A27A2 /* PlayerProblemsRouter.swift */ = {isa = PBXFileReference; lastKnownFileType = sourcecode.swift; path = PlayerProblemsRouter.swift; sourceTree = "<group>"; };
		25085F3C28B0FDB0001A27A2 /* PlayerProblemsViewController.swift */ = {isa = PBXFileReference; lastKnownFileType = sourcecode.swift; path = PlayerProblemsViewController.swift; sourceTree = "<group>"; };
		25085F3D28B0FDB0001A27A2 /* PlayerProblemsProtocols.swift */ = {isa = PBXFileReference; lastKnownFileType = sourcecode.swift; path = PlayerProblemsProtocols.swift; sourceTree = "<group>"; };
		25085F3E28B0FDB0001A27A2 /* PlayerProblemsInteractor.swift */ = {isa = PBXFileReference; lastKnownFileType = sourcecode.swift; path = PlayerProblemsInteractor.swift; sourceTree = "<group>"; };
		25085F3F28B0FDB0001A27A2 /* PlayerProblemsContainer.swift */ = {isa = PBXFileReference; lastKnownFileType = sourcecode.swift; path = PlayerProblemsContainer.swift; sourceTree = "<group>"; };
		25085F4628B108A4001A27A2 /* Timer.swift */ = {isa = PBXFileReference; lastKnownFileType = sourcecode.swift; path = Timer.swift; sourceTree = "<group>"; };
		25111AC328A7583900FDF69E /* BrainStorm.app */ = {isa = PBXFileReference; explicitFileType = wrapper.application; includeInIndex = 0; path = BrainStorm.app; sourceTree = BUILT_PRODUCTS_DIR; };
		25111AC628A7583900FDF69E /* AppDelegate.swift */ = {isa = PBXFileReference; lastKnownFileType = sourcecode.swift; path = AppDelegate.swift; sourceTree = "<group>"; };
		25111AC828A7583900FDF69E /* SceneDelegate.swift */ = {isa = PBXFileReference; lastKnownFileType = sourcecode.swift; path = SceneDelegate.swift; sourceTree = "<group>"; };
		25111ACA28A7583900FDF69E /* ViewController.swift */ = {isa = PBXFileReference; lastKnownFileType = sourcecode.swift; path = ViewController.swift; sourceTree = "<group>"; };
		25111AD228A7583C00FDF69E /* Base */ = {isa = PBXFileReference; lastKnownFileType = file.storyboard; name = Base; path = Base.lproj/LaunchScreen.storyboard; sourceTree = "<group>"; };
		25111AD428A7583C00FDF69E /* Info.plist */ = {isa = PBXFileReference; lastKnownFileType = text.plist.xml; path = Info.plist; sourceTree = "<group>"; };
		25111ADB28A7601600FDF69E /* SavedCardPresenter.swift */ = {isa = PBXFileReference; lastKnownFileType = sourcecode.swift; path = SavedCardPresenter.swift; sourceTree = "<group>"; };
		25111ADC28A7601600FDF69E /* SavedCardRouter.swift */ = {isa = PBXFileReference; lastKnownFileType = sourcecode.swift; path = SavedCardRouter.swift; sourceTree = "<group>"; };
		25111ADD28A7601600FDF69E /* SavedCardViewController.swift */ = {isa = PBXFileReference; lastKnownFileType = sourcecode.swift; path = SavedCardViewController.swift; sourceTree = "<group>"; };
		25111ADE28A7601600FDF69E /* SavedCardProtocols.swift */ = {isa = PBXFileReference; lastKnownFileType = sourcecode.swift; path = SavedCardProtocols.swift; sourceTree = "<group>"; };
		25111ADF28A7601600FDF69E /* SavedCardInteractor.swift */ = {isa = PBXFileReference; lastKnownFileType = sourcecode.swift; path = SavedCardInteractor.swift; sourceTree = "<group>"; };
		25111AE028A7601600FDF69E /* SavedCardContainer.swift */ = {isa = PBXFileReference; lastKnownFileType = sourcecode.swift; path = SavedCardContainer.swift; sourceTree = "<group>"; };
		25111AEB28A8302200FDF69E /* SavedCard.swift */ = {isa = PBXFileReference; lastKnownFileType = sourcecode.swift; path = SavedCard.swift; sourceTree = "<group>"; };
		25111AEE28A8A23C00FDF69E /* TableCellRegistrationExtension.swift */ = {isa = PBXFileReference; lastKnownFileType = sourcecode.swift; path = TableCellRegistrationExtension.swift; sourceTree = "<group>"; };
		25111AF028A8A41C00FDF69E /* SavedCardTableViewCell.swift */ = {isa = PBXFileReference; lastKnownFileType = sourcecode.swift; path = SavedCardTableViewCell.swift; sourceTree = "<group>"; };
		25111AF228A8B11000FDF69E /* ProfileSettingsViewController.swift */ = {isa = PBXFileReference; lastKnownFileType = sourcecode.swift; path = ProfileSettingsViewController.swift; sourceTree = "<group>"; };
		25688D5128B37C9700C38D1B /* PersonModel.swift */ = {isa = PBXFileReference; fileEncoding = 4; lastKnownFileType = sourcecode.swift; path = PersonModel.swift; sourceTree = "<group>"; };
		25688D5228B37C9700C38D1B /* ResultModel.swift */ = {isa = PBXFileReference; fileEncoding = 4; lastKnownFileType = sourcecode.swift; path = ResultModel.swift; sourceTree = "<group>"; };
		25688D5328B37C9700C38D1B /* GameModel.swift */ = {isa = PBXFileReference; fileEncoding = 4; lastKnownFileType = sourcecode.swift; path = GameModel.swift; sourceTree = "<group>"; };
		25688D5828B39AC800C38D1B /* DiscussionViewController.swift */ = {isa = PBXFileReference; fileEncoding = 4; lastKnownFileType = sourcecode.swift; path = DiscussionViewController.swift; sourceTree = "<group>"; };
		25688D5928B39AC800C38D1B /* DiscussionPresenter.swift */ = {isa = PBXFileReference; fileEncoding = 4; lastKnownFileType = sourcecode.swift; path = DiscussionPresenter.swift; sourceTree = "<group>"; };
		25688D5A28B39AC900C38D1B /* ProblemDiscussionCell.swift */ = {isa = PBXFileReference; fileEncoding = 4; lastKnownFileType = sourcecode.swift; path = ProblemDiscussionCell.swift; sourceTree = "<group>"; };
		25688D5B28B39AC900C38D1B /* DiscussionInteractor.swift */ = {isa = PBXFileReference; fileEncoding = 4; lastKnownFileType = sourcecode.swift; path = DiscussionInteractor.swift; sourceTree = "<group>"; };
		25688D5C28B39AC900C38D1B /* DiscussionProtocols.swift */ = {isa = PBXFileReference; fileEncoding = 4; lastKnownFileType = sourcecode.swift; path = DiscussionProtocols.swift; sourceTree = "<group>"; };
		25688D5D28B39ACA00C38D1B /* DiscussionContainer.swift */ = {isa = PBXFileReference; fileEncoding = 4; lastKnownFileType = sourcecode.swift; path = DiscussionContainer.swift; sourceTree = "<group>"; };
		25688D5E28B39ACA00C38D1B /* DiscussionRouter.swift */ = {isa = PBXFileReference; fileEncoding = 4; lastKnownFileType = sourcecode.swift; path = DiscussionRouter.swift; sourceTree = "<group>"; };
		25688D6728B3AA9600C38D1B /* TeammateCardSolutionPresenter.swift */ = {isa = PBXFileReference; fileEncoding = 4; lastKnownFileType = sourcecode.swift; path = TeammateCardSolutionPresenter.swift; sourceTree = "<group>"; };
		25688D6828B3AA9600C38D1B /* TeammateCardSolutionProtocols.swift */ = {isa = PBXFileReference; fileEncoding = 4; lastKnownFileType = sourcecode.swift; path = TeammateCardSolutionProtocols.swift; sourceTree = "<group>"; };
		25688D6928B3AA9600C38D1B /* TeammateCardSolutionInteractor.swift */ = {isa = PBXFileReference; fileEncoding = 4; lastKnownFileType = sourcecode.swift; path = TeammateCardSolutionInteractor.swift; sourceTree = "<group>"; };
		25688D6A28B3AA9600C38D1B /* TeammateCardSolutionViewController.swift */ = {isa = PBXFileReference; fileEncoding = 4; lastKnownFileType = sourcecode.swift; path = TeammateCardSolutionViewController.swift; sourceTree = "<group>"; };
		25688D6B28B3AA9600C38D1B /* TeammateCardSolutionRouter.swift */ = {isa = PBXFileReference; fileEncoding = 4; lastKnownFileType = sourcecode.swift; path = TeammateCardSolutionRouter.swift; sourceTree = "<group>"; };
		25688D6C28B3AA9600C38D1B /* TeammateCardSolutionContainer.swift */ = {isa = PBXFileReference; fileEncoding = 4; lastKnownFileType = sourcecode.swift; path = TeammateCardSolutionContainer.swift; sourceTree = "<group>"; };
		25688D7E28B4E34F00C38D1B /* CardView.swift */ = {isa = PBXFileReference; fileEncoding = 4; lastKnownFileType = sourcecode.swift; path = CardView.swift; sourceTree = "<group>"; };
		25688D7F28B4E34F00C38D1B /* ImageView.swift */ = {isa = PBXFileReference; fileEncoding = 4; lastKnownFileType = sourcecode.swift; path = ImageView.swift; sourceTree = "<group>"; };
		25688D8028B4E34F00C38D1B /* EmojiOptionsOverlay.swift */ = {isa = PBXFileReference; fileEncoding = 4; lastKnownFileType = sourcecode.swift; path = EmojiOptionsOverlay.swift; sourceTree = "<group>"; };
		25688D8128B4E34F00C38D1B /* SliderViewController.swift */ = {isa = PBXFileReference; fileEncoding = 4; lastKnownFileType = sourcecode.swift; path = SliderViewController.swift; sourceTree = "<group>"; };
		25688D8728B4E35700C38D1B /* RatingSliderViewController.swift */ = {isa = PBXFileReference; fileEncoding = 4; lastKnownFileType = sourcecode.swift; path = RatingSliderViewController.swift; sourceTree = "<group>"; };
		25B3681428B112E800B75853 /* ProblemCell.swift */ = {isa = PBXFileReference; lastKnownFileType = sourcecode.swift; path = ProblemCell.swift; sourceTree = "<group>"; };
		25B3681628B1161E00B75853 /* Colors.swift */ = {isa = PBXFileReference; lastKnownFileType = sourcecode.swift; path = Colors.swift; sourceTree = "<group>"; };
		25B3681828B15CB700B75853 /* ButtonProblemCell.swift */ = {isa = PBXFileReference; lastKnownFileType = sourcecode.swift; path = ButtonProblemCell.swift; sourceTree = "<group>"; };
		3793AA92937FE52E8789537A /* Pods-BrainStorm.debug.xcconfig */ = {isa = PBXFileReference; includeInIndex = 1; lastKnownFileType = text.xcconfig; name = "Pods-BrainStorm.debug.xcconfig"; path = "Target Support Files/Pods-BrainStorm/Pods-BrainStorm.debug.xcconfig"; sourceTree = "<group>"; };
		4D09CB6528AD277D00A8454B /* Assets.xcassets */ = {isa = PBXFileReference; lastKnownFileType = folder.assetcatalog; path = Assets.xcassets; sourceTree = "<group>"; };
		4D434C5228B61EA300EB084D /* LICENSE */ = {isa = PBXFileReference; fileEncoding = 4; lastKnownFileType = text; path = LICENSE; sourceTree = "<group>"; };
		4D434C5628B61EA300EB084D /* CardTitleView.swift */ = {isa = PBXFileReference; fileEncoding = 4; lastKnownFileType = sourcecode.swift; path = CardTitleView.swift; sourceTree = "<group>"; };
		4D434C5728B61EA300EB084D /* CardSliderCell.swift */ = {isa = PBXFileReference; fileEncoding = 4; lastKnownFileType = sourcecode.swift; path = CardSliderCell.swift; sourceTree = "<group>"; };
		4D434C5828B61EA300EB084D /* CardSliderViewController.swift */ = {isa = PBXFileReference; fileEncoding = 4; lastKnownFileType = sourcecode.swift; path = CardSliderViewController.swift; sourceTree = "<group>"; };
		4D434C5A28B61EA300EB084D /* CardsLayout.swift */ = {isa = PBXFileReference; fileEncoding = 4; lastKnownFileType = sourcecode.swift; path = CardsLayout.swift; sourceTree = "<group>"; };
		4D434C5B28B61EA300EB084D /* RatingView.swift */ = {isa = PBXFileReference; fileEncoding = 4; lastKnownFileType = sourcecode.swift; path = RatingView.swift; sourceTree = "<group>"; };
		4D434C5C28B61EA300EB084D /* Extensions.swift */ = {isa = PBXFileReference; fileEncoding = 4; lastKnownFileType = sourcecode.swift; path = Extensions.swift; sourceTree = "<group>"; };
		4D434C5D28B61EA300EB084D /* Main.storyboard */ = {isa = PBXFileReference; fileEncoding = 4; lastKnownFileType = file.storyboard; path = Main.storyboard; sourceTree = "<group>"; };
		4D434C5E28B61EA300EB084D /* README.md */ = {isa = PBXFileReference; fileEncoding = 4; lastKnownFileType = net.daringfireball.markdown; path = README.md; sourceTree = "<group>"; };
		4D5C838928AA2C26005F01F8 /* SignInViewController.swift */ = {isa = PBXFileReference; lastKnownFileType = sourcecode.swift; path = SignInViewController.swift; sourceTree = "<group>"; };
		4D5C838B28AA2CAB005F01F8 /* SignInHeaderView.swift */ = {isa = PBXFileReference; lastKnownFileType = sourcecode.swift; path = SignInHeaderView.swift; sourceTree = "<group>"; };
		4D5C838D28AA2D65005F01F8 /* AuthManager.swift */ = {isa = PBXFileReference; lastKnownFileType = sourcecode.swift; path = AuthManager.swift; sourceTree = "<group>"; };
		4D5C838F28AA2E21005F01F8 /* SignUpViewController.swift */ = {isa = PBXFileReference; lastKnownFileType = sourcecode.swift; path = SignUpViewController.swift; sourceTree = "<group>"; };
		4D5C839128AA2EA1005F01F8 /* User.swift */ = {isa = PBXFileReference; lastKnownFileType = sourcecode.swift; path = User.swift; sourceTree = "<group>"; };
		4D5C839328AA696A005F01F8 /* DatabaseManager.swift */ = {isa = PBXFileReference; lastKnownFileType = sourcecode.swift; path = DatabaseManager.swift; sourceTree = "<group>"; };
		4D5C839F28AABDB5005F01F8 /* GoogleService-Info.plist */ = {isa = PBXFileReference; fileEncoding = 4; lastKnownFileType = text.plist.xml; path = "GoogleService-Info.plist"; sourceTree = "<group>"; };
		50CA391CA512711D3699DEA9 /* Pods_BrainStorm.framework */ = {isa = PBXFileReference; explicitFileType = wrapper.framework; includeInIndex = 0; path = Pods_BrainStorm.framework; sourceTree = BUILT_PRODUCTS_DIR; };
		72A4D0533A2903A310528EC9 /* Pods-BrainStorm.release.xcconfig */ = {isa = PBXFileReference; includeInIndex = 1; lastKnownFileType = text.xcconfig; name = "Pods-BrainStorm.release.xcconfig"; path = "Target Support Files/Pods-BrainStorm/Pods-BrainStorm.release.xcconfig"; sourceTree = "<group>"; };
		82810EEC28B0239B005D8FC0 /* EnterPlayerNameContainer.swift */ = {isa = PBXFileReference; fileEncoding = 4; lastKnownFileType = sourcecode.swift; path = EnterPlayerNameContainer.swift; sourceTree = "<group>"; };
		82810EED28B0239B005D8FC0 /* EnterPlayerNameRouter.swift */ = {isa = PBXFileReference; fileEncoding = 4; lastKnownFileType = sourcecode.swift; path = EnterPlayerNameRouter.swift; sourceTree = "<group>"; };
		82810EEE28B0239B005D8FC0 /* EnterPlayerNameViewController.swift */ = {isa = PBXFileReference; fileEncoding = 4; lastKnownFileType = sourcecode.swift; path = EnterPlayerNameViewController.swift; sourceTree = "<group>"; };
		82810EEF28B0239B005D8FC0 /* EnterPlayerNameInteractor.swift */ = {isa = PBXFileReference; fileEncoding = 4; lastKnownFileType = sourcecode.swift; path = EnterPlayerNameInteractor.swift; sourceTree = "<group>"; };
		82810EF028B0239B005D8FC0 /* EnterPlayerNamePresenter.swift */ = {isa = PBXFileReference; fileEncoding = 4; lastKnownFileType = sourcecode.swift; path = EnterPlayerNamePresenter.swift; sourceTree = "<group>"; };
		82810EF128B0239B005D8FC0 /* EnterPlayerNameProtocols.swift */ = {isa = PBXFileReference; fileEncoding = 4; lastKnownFileType = sourcecode.swift; path = EnterPlayerNameProtocols.swift; sourceTree = "<group>"; };
		82BD75F528B018B900FFBFEF /* UIScreenExtension.swift */ = {isa = PBXFileReference; fileEncoding = 4; lastKnownFileType = sourcecode.swift; path = UIScreenExtension.swift; sourceTree = "<group>"; };
		82BD75F828B018BA00FFBFEF /* UIColorOrPictureButton.swift */ = {isa = PBXFileReference; fileEncoding = 4; lastKnownFileType = sourcecode.swift; path = UIColorOrPictureButton.swift; sourceTree = "<group>"; };
		82BD75F928B018BA00FFBFEF /* UIColorExtension.swift */ = {isa = PBXFileReference; fileEncoding = 4; lastKnownFileType = sourcecode.swift; path = UIColorExtension.swift; sourceTree = "<group>"; };
		82BD75FC28B018BB00FFBFEF /* Person.swift */ = {isa = PBXFileReference; fileEncoding = 4; lastKnownFileType = sourcecode.swift; path = Person.swift; sourceTree = "<group>"; };
		82BD760028B018BB00FFBFEF /* StartBrainStormViewController.swift */ = {isa = PBXFileReference; fileEncoding = 4; lastKnownFileType = sourcecode.swift; path = StartBrainStormViewController.swift; sourceTree = "<group>"; };
		82BD760128B018BB00FFBFEF /* StartBrainStormContainer.swift */ = {isa = PBXFileReference; fileEncoding = 4; lastKnownFileType = sourcecode.swift; path = StartBrainStormContainer.swift; sourceTree = "<group>"; };
		82BD760228B018BB00FFBFEF /* ThemeCell.swift */ = {isa = PBXFileReference; fileEncoding = 4; lastKnownFileType = sourcecode.swift; path = ThemeCell.swift; sourceTree = "<group>"; };
		82BD760328B018BB00FFBFEF /* StartBrainStormRouter.swift */ = {isa = PBXFileReference; fileEncoding = 4; lastKnownFileType = sourcecode.swift; path = StartBrainStormRouter.swift; sourceTree = "<group>"; };
		82BD760428B018BB00FFBFEF /* StartBrainStormPresenter.swift */ = {isa = PBXFileReference; fileEncoding = 4; lastKnownFileType = sourcecode.swift; path = StartBrainStormPresenter.swift; sourceTree = "<group>"; };
		82BD760528B018BB00FFBFEF /* StartBrainStormInteractor.swift */ = {isa = PBXFileReference; fileEncoding = 4; lastKnownFileType = sourcecode.swift; path = StartBrainStormInteractor.swift; sourceTree = "<group>"; };
		82BD760628B018BB00FFBFEF /* StartBrainStormProtocols.swift */ = {isa = PBXFileReference; fileEncoding = 4; lastKnownFileType = sourcecode.swift; path = StartBrainStormProtocols.swift; sourceTree = "<group>"; };
		82BD763428B01A8500FFBFEF /* OpenedCardViewController.swift */ = {isa = PBXFileReference; fileEncoding = 4; lastKnownFileType = sourcecode.swift; path = OpenedCardViewController.swift; sourceTree = "<group>"; };
		82BD763528B01A8500FFBFEF /* OpenedCardRouter.swift */ = {isa = PBXFileReference; fileEncoding = 4; lastKnownFileType = sourcecode.swift; path = OpenedCardRouter.swift; sourceTree = "<group>"; };
		82BD763628B01A8500FFBFEF /* OpenedCardPresenter.swift */ = {isa = PBXFileReference; fileEncoding = 4; lastKnownFileType = sourcecode.swift; path = OpenedCardPresenter.swift; sourceTree = "<group>"; };
		82BD763728B01A8500FFBFEF /* OpenedCardProtocols.swift */ = {isa = PBXFileReference; fileEncoding = 4; lastKnownFileType = sourcecode.swift; path = OpenedCardProtocols.swift; sourceTree = "<group>"; };
		82BD763828B01A8500FFBFEF /* OpenedCardContainer.swift */ = {isa = PBXFileReference; fileEncoding = 4; lastKnownFileType = sourcecode.swift; path = OpenedCardContainer.swift; sourceTree = "<group>"; };
		82BD763928B01A8500FFBFEF /* OpenedCardInteractor.swift */ = {isa = PBXFileReference; fileEncoding = 4; lastKnownFileType = sourcecode.swift; path = OpenedCardInteractor.swift; sourceTree = "<group>"; };
		82BD764128B01F4900FFBFEF /* ProfilePresenter.swift */ = {isa = PBXFileReference; fileEncoding = 4; lastKnownFileType = sourcecode.swift; path = ProfilePresenter.swift; sourceTree = "<group>"; };
		82BD764228B01F4900FFBFEF /* ProfileRouter.swift */ = {isa = PBXFileReference; fileEncoding = 4; lastKnownFileType = sourcecode.swift; path = ProfileRouter.swift; sourceTree = "<group>"; };
		82BD764328B01F4900FFBFEF /* ProfileProtocols.swift */ = {isa = PBXFileReference; fileEncoding = 4; lastKnownFileType = sourcecode.swift; path = ProfileProtocols.swift; sourceTree = "<group>"; };
		82BD764428B01F4900FFBFEF /* ProfileViewController.swift */ = {isa = PBXFileReference; fileEncoding = 4; lastKnownFileType = sourcecode.swift; path = ProfileViewController.swift; sourceTree = "<group>"; };
		82BD764528B01F4900FFBFEF /* ProfileInteractor.swift */ = {isa = PBXFileReference; fileEncoding = 4; lastKnownFileType = sourcecode.swift; path = ProfileInteractor.swift; sourceTree = "<group>"; };
		82BD764628B01F4900FFBFEF /* ProfileContainer.swift */ = {isa = PBXFileReference; fileEncoding = 4; lastKnownFileType = sourcecode.swift; path = ProfileContainer.swift; sourceTree = "<group>"; };
/* End PBXFileReference section */

/* Begin PBXFrameworksBuildPhase section */
		25111AC028A7583900FDF69E /* Frameworks */ = {
			isa = PBXFrameworksBuildPhase;
			buildActionMask = 2147483647;
			files = (
				B054EC7CA93651AF18A26174 /* Pods_BrainStorm.framework in Frameworks */,
			);
			runOnlyForDeploymentPostprocessing = 0;
		};
/* End PBXFrameworksBuildPhase section */

/* Begin PBXGroup section */
		168777789A816B591CA04C9B /* Pods */ = {
			isa = PBXGroup;
			children = (
				3793AA92937FE52E8789537A /* Pods-BrainStorm.debug.xcconfig */,
				72A4D0533A2903A310528EC9 /* Pods-BrainStorm.release.xcconfig */,
			);
			path = Pods;
			sourceTree = "<group>";
		};
		25085F3928B0FD7E001A27A2 /* PlayerProblems */ = {
			isa = PBXGroup;
			children = (
				25085F3A28B0FDB0001A27A2 /* PlayerProblemsPresenter.swift */,
				25085F3B28B0FDB0001A27A2 /* PlayerProblemsRouter.swift */,
				25085F3C28B0FDB0001A27A2 /* PlayerProblemsViewController.swift */,
				25085F3D28B0FDB0001A27A2 /* PlayerProblemsProtocols.swift */,
				25085F3E28B0FDB0001A27A2 /* PlayerProblemsInteractor.swift */,
				25085F3F28B0FDB0001A27A2 /* PlayerProblemsContainer.swift */,
				25B3681428B112E800B75853 /* ProblemCell.swift */,
				25B3681628B1161E00B75853 /* Colors.swift */,
				25B3681828B15CB700B75853 /* ButtonProblemCell.swift */,
			);
			path = PlayerProblems;
			sourceTree = "<group>";
		};
		25111ABA28A7583900FDF69E = {
			isa = PBXGroup;
			children = (
				4D09CB6528AD277D00A8454B /* Assets.xcassets */,
				25111AC528A7583900FDF69E /* BrainStorm */,
				25111AC428A7583900FDF69E /* Products */,
				168777789A816B591CA04C9B /* Pods */,
				490AFD9D4053204914EFF910 /* Frameworks */,
			);
			sourceTree = "<group>";
		};
		25111AC428A7583900FDF69E /* Products */ = {
			isa = PBXGroup;
			children = (
				25111AC328A7583900FDF69E /* BrainStorm.app */,
			);
			name = Products;
			sourceTree = "<group>";
		};
		25111AC528A7583900FDF69E /* BrainStorm */ = {
			isa = PBXGroup;
			children = (
				4D434C5128B61EA300EB084D /* CardSlider */,
				25688D8628B4E35700C38D1B /* RatingSlider */,
				25688D7D28B4E34F00C38D1B /* GeniusSlider */,
				25688D6628B3AA9600C38D1B /* TeammateCardSolution */,
				25688D5728B39AA500C38D1B /* Discussion */,
				25688D5028B37C9700C38D1B /* GameNetwork */,
				25085F3928B0FD7E001A27A2 /* PlayerProblems */,
				82810EEB28B0239B005D8FC0 /* EnterPlayerName */,
				82BD764028B01F4900FFBFEF /* Profile */,
				82BD763328B01A8500FFBFEF /* OpenedCard */,
				82BD75FF28B018BB00FFBFEF /* StartBrainStorm */,
				4D5C839528AA7D07005F01F8 /* Other */,
				4D5C838828A95F74005F01F8 /* Auth */,
				25111AED28A8A21200FDF69E /* Extensions */,
				25111ADA28A75FE200FDF69E /* SavedCard */,
				25111AC628A7583900FDF69E /* AppDelegate.swift */,
				25111AC828A7583900FDF69E /* SceneDelegate.swift */,
				25111ACA28A7583900FDF69E /* ViewController.swift */,
				25111AD128A7583C00FDF69E /* LaunchScreen.storyboard */,
				25111AD428A7583C00FDF69E /* Info.plist */,
				25111AF228A8B11000FDF69E /* ProfileSettingsViewController.swift */,
				4D5C839128AA2EA1005F01F8 /* User.swift */,
				25085F4628B108A4001A27A2 /* Timer.swift */,
			);
			path = BrainStorm;
			sourceTree = "<group>";
		};
		25111ADA28A75FE200FDF69E /* SavedCard */ = {
			isa = PBXGroup;
			children = (
				25111AEA28A8301400FDF69E /* Model */,
				25111ADB28A7601600FDF69E /* SavedCardPresenter.swift */,
				25111ADC28A7601600FDF69E /* SavedCardRouter.swift */,
				25111ADD28A7601600FDF69E /* SavedCardViewController.swift */,
				25111ADE28A7601600FDF69E /* SavedCardProtocols.swift */,
				25111ADF28A7601600FDF69E /* SavedCardInteractor.swift */,
				25111AE028A7601600FDF69E /* SavedCardContainer.swift */,
			);
			path = SavedCard;
			sourceTree = "<group>";
		};
		25111AEA28A8301400FDF69E /* Model */ = {
			isa = PBXGroup;
			children = (
				82BD75FC28B018BB00FFBFEF /* Person.swift */,
				82BD75F828B018BA00FFBFEF /* UIColorOrPictureButton.swift */,
				25111AEB28A8302200FDF69E /* SavedCard.swift */,
				25111AF028A8A41C00FDF69E /* SavedCardTableViewCell.swift */,
			);
			path = Model;
			sourceTree = "<group>";
		};
		25111AED28A8A21200FDF69E /* Extensions */ = {
			isa = PBXGroup;
			children = (
				82BD75F528B018B900FFBFEF /* UIScreenExtension.swift */,
				82BD75F928B018BA00FFBFEF /* UIColorExtension.swift */,
				25111AEE28A8A23C00FDF69E /* TableCellRegistrationExtension.swift */,
			);
			path = Extensions;
			sourceTree = "<group>";
		};
		25688D5028B37C9700C38D1B /* GameNetwork */ = {
			isa = PBXGroup;
			children = (
				25688D5128B37C9700C38D1B /* PersonModel.swift */,
				25688D5228B37C9700C38D1B /* ResultModel.swift */,
				25688D5328B37C9700C38D1B /* GameModel.swift */,
			);
			path = GameNetwork;
			sourceTree = "<group>";
		};
		25688D5728B39AA500C38D1B /* Discussion */ = {
			isa = PBXGroup;
			children = (
				25688D5D28B39ACA00C38D1B /* DiscussionContainer.swift */,
				25688D5B28B39AC900C38D1B /* DiscussionInteractor.swift */,
				25688D5928B39AC800C38D1B /* DiscussionPresenter.swift */,
				25688D5C28B39AC900C38D1B /* DiscussionProtocols.swift */,
				25688D5E28B39ACA00C38D1B /* DiscussionRouter.swift */,
				25688D5828B39AC800C38D1B /* DiscussionViewController.swift */,
				25688D5A28B39AC900C38D1B /* ProblemDiscussionCell.swift */,
			);
			path = Discussion;
			sourceTree = "<group>";
		};
		25688D6628B3AA9600C38D1B /* TeammateCardSolution */ = {
			isa = PBXGroup;
			children = (
				25688D6728B3AA9600C38D1B /* TeammateCardSolutionPresenter.swift */,
				25688D6828B3AA9600C38D1B /* TeammateCardSolutionProtocols.swift */,
				25688D6928B3AA9600C38D1B /* TeammateCardSolutionInteractor.swift */,
				25688D6A28B3AA9600C38D1B /* TeammateCardSolutionViewController.swift */,
				25688D6B28B3AA9600C38D1B /* TeammateCardSolutionRouter.swift */,
				25688D6C28B3AA9600C38D1B /* TeammateCardSolutionContainer.swift */,
			);
			path = TeammateCardSolution;
			sourceTree = "<group>";
		};
		25688D7D28B4E34F00C38D1B /* GeniusSlider */ = {
			isa = PBXGroup;
			children = (
				25688D7E28B4E34F00C38D1B /* CardView.swift */,
				25688D7F28B4E34F00C38D1B /* ImageView.swift */,
				25688D8028B4E34F00C38D1B /* EmojiOptionsOverlay.swift */,
				25688D8128B4E34F00C38D1B /* SliderViewController.swift */,
			);
			path = GeniusSlider;
			sourceTree = "<group>";
		};
		25688D8628B4E35700C38D1B /* RatingSlider */ = {
			isa = PBXGroup;
			children = (
				25688D8728B4E35700C38D1B /* RatingSliderViewController.swift */,
			);
			path = RatingSlider;
			sourceTree = "<group>";
		};
		490AFD9D4053204914EFF910 /* Frameworks */ = {
			isa = PBXGroup;
			children = (
				50CA391CA512711D3699DEA9 /* Pods_BrainStorm.framework */,
			);
			name = Frameworks;
			sourceTree = "<group>";
		};
		4D434C5128B61EA300EB084D /* CardSlider */ = {
			isa = PBXGroup;
			children = (
				4D434C5228B61EA300EB084D /* LICENSE */,
				4D434C5328B61EA300EB084D /* CardSlider */,
				4D434C5E28B61EA300EB084D /* README.md */,
			);
			name = CardSlider;
			path = BrainStorm/CardSlider;
			sourceTree = SOURCE_ROOT;
		};
		4D434C5328B61EA300EB084D /* CardSlider */ = {
			isa = PBXGroup;
			children = (
				4D434C5428B61EA300EB084D /* CardSlider */,
			);
			path = CardSlider;
			sourceTree = "<group>";
		};
		4D434C5428B61EA300EB084D /* CardSlider */ = {
			isa = PBXGroup;
			children = (
				4D434C5528B61EA300EB084D /* Public */,
				4D434C5928B61EA300EB084D /* Private */,
			);
			path = CardSlider;
			sourceTree = "<group>";
		};
		4D434C5528B61EA300EB084D /* Public */ = {
			isa = PBXGroup;
			children = (
				4D434C5628B61EA300EB084D /* CardTitleView.swift */,
				4D434C5728B61EA300EB084D /* CardSliderCell.swift */,
				4D434C5828B61EA300EB084D /* CardSliderViewController.swift */,
			);
			path = Public;
			sourceTree = "<group>";
		};
		4D434C5928B61EA300EB084D /* Private */ = {
			isa = PBXGroup;
			children = (
				4D434C5A28B61EA300EB084D /* CardsLayout.swift */,
				4D434C5B28B61EA300EB084D /* RatingView.swift */,
				4D434C5C28B61EA300EB084D /* Extensions.swift */,
				4D434C5D28B61EA300EB084D /* Main.storyboard */,
			);
			path = Private;
			sourceTree = "<group>";
		};
		4D5C838828A95F74005F01F8 /* Auth */ = {
			isa = PBXGroup;
			children = (
				4D5C838928AA2C26005F01F8 /* SignInViewController.swift */,
				4D5C838B28AA2CAB005F01F8 /* SignInHeaderView.swift */,
				4D5C838D28AA2D65005F01F8 /* AuthManager.swift */,
				4D5C838F28AA2E21005F01F8 /* SignUpViewController.swift */,
				4D5C839328AA696A005F01F8 /* DatabaseManager.swift */,
			);
			path = Auth;
			sourceTree = "<group>";
		};
		4D5C839528AA7D07005F01F8 /* Other */ = {
			isa = PBXGroup;
			children = (
				4D5C839F28AABDB5005F01F8 /* GoogleService-Info.plist */,
			);
			path = Other;
			sourceTree = "<group>";
		};
		82810EEB28B0239B005D8FC0 /* EnterPlayerName */ = {
			isa = PBXGroup;
			children = (
				82810EEC28B0239B005D8FC0 /* EnterPlayerNameContainer.swift */,
				82810EED28B0239B005D8FC0 /* EnterPlayerNameRouter.swift */,
				82810EEE28B0239B005D8FC0 /* EnterPlayerNameViewController.swift */,
				82810EEF28B0239B005D8FC0 /* EnterPlayerNameInteractor.swift */,
				82810EF028B0239B005D8FC0 /* EnterPlayerNamePresenter.swift */,
				82810EF128B0239B005D8FC0 /* EnterPlayerNameProtocols.swift */,
			);
			path = EnterPlayerName;
			sourceTree = "<group>";
		};
		82BD75FF28B018BB00FFBFEF /* StartBrainStorm */ = {
			isa = PBXGroup;
			children = (
				82BD760028B018BB00FFBFEF /* StartBrainStormViewController.swift */,
				82BD760128B018BB00FFBFEF /* StartBrainStormContainer.swift */,
				82BD760228B018BB00FFBFEF /* ThemeCell.swift */,
				82BD760328B018BB00FFBFEF /* StartBrainStormRouter.swift */,
				82BD760428B018BB00FFBFEF /* StartBrainStormPresenter.swift */,
				82BD760528B018BB00FFBFEF /* StartBrainStormInteractor.swift */,
				82BD760628B018BB00FFBFEF /* StartBrainStormProtocols.swift */,
			);
			path = StartBrainStorm;
			sourceTree = "<group>";
		};
		82BD763328B01A8500FFBFEF /* OpenedCard */ = {
			isa = PBXGroup;
			children = (
				82BD763428B01A8500FFBFEF /* OpenedCardViewController.swift */,
				82BD763528B01A8500FFBFEF /* OpenedCardRouter.swift */,
				82BD763628B01A8500FFBFEF /* OpenedCardPresenter.swift */,
				82BD763728B01A8500FFBFEF /* OpenedCardProtocols.swift */,
				82BD763828B01A8500FFBFEF /* OpenedCardContainer.swift */,
				82BD763928B01A8500FFBFEF /* OpenedCardInteractor.swift */,
			);
			path = OpenedCard;
			sourceTree = "<group>";
		};
		82BD764028B01F4900FFBFEF /* Profile */ = {
			isa = PBXGroup;
			children = (
				82BD764128B01F4900FFBFEF /* ProfilePresenter.swift */,
				82BD764228B01F4900FFBFEF /* ProfileRouter.swift */,
				82BD764328B01F4900FFBFEF /* ProfileProtocols.swift */,
				82BD764428B01F4900FFBFEF /* ProfileViewController.swift */,
				82BD764528B01F4900FFBFEF /* ProfileInteractor.swift */,
				82BD764628B01F4900FFBFEF /* ProfileContainer.swift */,
			);
			path = Profile;
			sourceTree = "<group>";
		};
/* End PBXGroup section */

/* Begin PBXNativeTarget section */
		25111AC228A7583900FDF69E /* BrainStorm */ = {
			isa = PBXNativeTarget;
			buildConfigurationList = 25111AD728A7583C00FDF69E /* Build configuration list for PBXNativeTarget "BrainStorm" */;
			buildPhases = (
				C19368D628284F19C9AE2275 /* [CP] Check Pods Manifest.lock */,
				25111ABF28A7583900FDF69E /* Sources */,
				25111AC028A7583900FDF69E /* Frameworks */,
				25111AC128A7583900FDF69E /* Resources */,
				1D097DC01F9E83285988FC1A /* [CP] Embed Pods Frameworks */,
			);
			buildRules = (
			);
			dependencies = (
			);
			name = BrainStorm;
			productName = BrainStorm;
			productReference = 25111AC328A7583900FDF69E /* BrainStorm.app */;
			productType = "com.apple.product-type.application";
		};
/* End PBXNativeTarget section */

/* Begin PBXProject section */
		25111ABB28A7583900FDF69E /* Project object */ = {
			isa = PBXProject;
			attributes = {
				BuildIndependentTargetsInParallel = 1;
				LastSwiftUpdateCheck = 1340;
				LastUpgradeCheck = 1340;
				TargetAttributes = {
					25111AC228A7583900FDF69E = {
						CreatedOnToolsVersion = 13.4.1;
					};
				};
			};
			buildConfigurationList = 25111ABE28A7583900FDF69E /* Build configuration list for PBXProject "BrainStorm" */;
			compatibilityVersion = "Xcode 13.0";
			developmentRegion = en;
			hasScannedForEncodings = 0;
			knownRegions = (
				en,
				Base,
			);
			mainGroup = 25111ABA28A7583900FDF69E;
			productRefGroup = 25111AC428A7583900FDF69E /* Products */;
			projectDirPath = "";
			projectRoot = "";
			targets = (
				25111AC228A7583900FDF69E /* BrainStorm */,
			);
		};
/* End PBXProject section */

/* Begin PBXResourcesBuildPhase section */
		25111AC128A7583900FDF69E /* Resources */ = {
			isa = PBXResourcesBuildPhase;
			buildActionMask = 2147483647;
			files = (
				25111AD328A7583C00FDF69E /* LaunchScreen.storyboard in Resources */,
				4D5C83A028AABDB5005F01F8 /* GoogleService-Info.plist in Resources */,
				4D09CB6628AD277D00A8454B /* Assets.xcassets in Resources */,
				4D434C6728B61EA300EB084D /* README.md in Resources */,
				4D434C6628B61EA300EB084D /* Main.storyboard in Resources */,
				25111ACE28A7583900FDF69E /* (null) in Resources */,
				4D434C5F28B61EA300EB084D /* LICENSE in Resources */,
			);
			runOnlyForDeploymentPostprocessing = 0;
		};
/* End PBXResourcesBuildPhase section */

/* Begin PBXShellScriptBuildPhase section */
		1D097DC01F9E83285988FC1A /* [CP] Embed Pods Frameworks */ = {
			isa = PBXShellScriptBuildPhase;
			buildActionMask = 2147483647;
			files = (
			);
			inputFileListPaths = (
				"${PODS_ROOT}/Target Support Files/Pods-BrainStorm/Pods-BrainStorm-frameworks-${CONFIGURATION}-input-files.xcfilelist",
			);
			name = "[CP] Embed Pods Frameworks";
			outputFileListPaths = (
				"${PODS_ROOT}/Target Support Files/Pods-BrainStorm/Pods-BrainStorm-frameworks-${CONFIGURATION}-output-files.xcfilelist",
			);
			runOnlyForDeploymentPostprocessing = 0;
			shellPath = /bin/sh;
			shellScript = "\"${PODS_ROOT}/Target Support Files/Pods-BrainStorm/Pods-BrainStorm-frameworks.sh\"\n";
			showEnvVarsInLog = 0;
		};
		C19368D628284F19C9AE2275 /* [CP] Check Pods Manifest.lock */ = {
			isa = PBXShellScriptBuildPhase;
			buildActionMask = 2147483647;
			files = (
			);
			inputFileListPaths = (
			);
			inputPaths = (
				"${PODS_PODFILE_DIR_PATH}/Podfile.lock",
				"${PODS_ROOT}/Manifest.lock",
			);
			name = "[CP] Check Pods Manifest.lock";
			outputFileListPaths = (
			);
			outputPaths = (
				"$(DERIVED_FILE_DIR)/Pods-BrainStorm-checkManifestLockResult.txt",
			);
			runOnlyForDeploymentPostprocessing = 0;
			shellPath = /bin/sh;
			shellScript = "diff \"${PODS_PODFILE_DIR_PATH}/Podfile.lock\" \"${PODS_ROOT}/Manifest.lock\" > /dev/null\nif [ $? != 0 ] ; then\n    # print error to STDERR\n    echo \"error: The sandbox is not in sync with the Podfile.lock. Run 'pod install' or update your CocoaPods installation.\" >&2\n    exit 1\nfi\n# This output is used by Xcode 'outputs' to avoid re-running this script phase.\necho \"SUCCESS\" > \"${SCRIPT_OUTPUT_FILE_0}\"\n";
			showEnvVarsInLog = 0;
		};
/* End PBXShellScriptBuildPhase section */

/* Begin PBXSourcesBuildPhase section */
		25111ABF28A7583900FDF69E /* Sources */ = {
			isa = PBXSourcesBuildPhase;
			buildActionMask = 2147483647;
			files = (
				82BD764828B01F4900FFBFEF /* ProfileRouter.swift in Sources */,
				82BD762028B018BD00FFBFEF /* StartBrainStormContainer.swift in Sources */,
				82BD762228B018BD00FFBFEF /* StartBrainStormRouter.swift in Sources */,
				25688D8828B4E35700C38D1B /* RatingSliderViewController.swift in Sources */,
				4D434C6128B61EA300EB084D /* CardSliderCell.swift in Sources */,
				4D5C838A28AA2C26005F01F8 /* SignInViewController.swift in Sources */,
				82BD764928B01F4900FFBFEF /* ProfileProtocols.swift in Sources */,
				25111AE128A7601600FDF69E /* SavedCardPresenter.swift in Sources */,
				82810EF628B0239B005D8FC0 /* EnterPlayerNamePresenter.swift in Sources */,
				82BD763C28B01A8600FFBFEF /* OpenedCardPresenter.swift in Sources */,
				25688D5528B37C9800C38D1B /* ResultModel.swift in Sources */,
				25688D6028B39ACA00C38D1B /* DiscussionPresenter.swift in Sources */,
				82BD762528B018BD00FFBFEF /* StartBrainStormProtocols.swift in Sources */,
				82BD762328B018BD00FFBFEF /* StartBrainStormPresenter.swift in Sources */,
				25688D6D28B3AA9600C38D1B /* TeammateCardSolutionPresenter.swift in Sources */,
				25111AEC28A8302300FDF69E /* SavedCard.swift in Sources */,
				25688D6E28B3AA9600C38D1B /* TeammateCardSolutionProtocols.swift in Sources */,
				25688D8528B4E34F00C38D1B /* SliderViewController.swift in Sources */,
				25085F4228B0FDB0001A27A2 /* PlayerProblemsViewController.swift in Sources */,
				82BD764B28B01F4900FFBFEF /* ProfileInteractor.swift in Sources */,
				25B3681528B112E800B75853 /* ProblemCell.swift in Sources */,
				82BD764C28B01F4900FFBFEF /* ProfileContainer.swift in Sources */,
				4D434C6028B61EA300EB084D /* CardTitleView.swift in Sources */,
				82BD763B28B01A8600FFBFEF /* OpenedCardRouter.swift in Sources */,
				25688D8328B4E34F00C38D1B /* ImageView.swift in Sources */,
				25111AEF28A8A23C00FDF69E /* TableCellRegistrationExtension.swift in Sources */,
				4D5C838C28AA2CAB005F01F8 /* SignInHeaderView.swift in Sources */,
				4D434C6428B61EA300EB084D /* RatingView.swift in Sources */,
				4D5C839028AA2E21005F01F8 /* SignUpViewController.swift in Sources */,
				82BD762428B018BD00FFBFEF /* StartBrainStormInteractor.swift in Sources */,
				82BD763F28B01A8600FFBFEF /* OpenedCardInteractor.swift in Sources */,
				25688D6228B39ACA00C38D1B /* DiscussionInteractor.swift in Sources */,
				25111ACB28A7583900FDF69E /* ViewController.swift in Sources */,
				25688D6428B39ACA00C38D1B /* DiscussionContainer.swift in Sources */,
				25111AF328A8B11000FDF69E /* ProfileSettingsViewController.swift in Sources */,
				25111AE328A7601600FDF69E /* SavedCardViewController.swift in Sources */,
				82BD763D28B01A8600FFBFEF /* OpenedCardProtocols.swift in Sources */,
				82BD761928B018BD00FFBFEF /* UIColorExtension.swift in Sources */,
				82BD761528B018BD00FFBFEF /* UIScreenExtension.swift in Sources */,
				25688D5F28B39ACA00C38D1B /* DiscussionViewController.swift in Sources */,
				25085F4128B0FDB0001A27A2 /* PlayerProblemsRouter.swift in Sources */,
				82BD764A28B01F4900FFBFEF /* ProfileViewController.swift in Sources */,
				25688D6328B39ACA00C38D1B /* DiscussionProtocols.swift in Sources */,
				82810EF228B0239B005D8FC0 /* EnterPlayerNameContainer.swift in Sources */,
				25688D5428B37C9800C38D1B /* PersonModel.swift in Sources */,
				82BD761C28B018BD00FFBFEF /* Person.swift in Sources */,
				25688D7128B3AA9600C38D1B /* TeammateCardSolutionRouter.swift in Sources */,
				25688D6F28B3AA9600C38D1B /* TeammateCardSolutionInteractor.swift in Sources */,
				25B3681728B1161E00B75853 /* Colors.swift in Sources */,
				82810EF528B0239B005D8FC0 /* EnterPlayerNameInteractor.swift in Sources */,
				82810EF328B0239B005D8FC0 /* EnterPlayerNameRouter.swift in Sources */,
				82BD763A28B01A8600FFBFEF /* OpenedCardViewController.swift in Sources */,
				25688D8428B4E34F00C38D1B /* EmojiOptionsOverlay.swift in Sources */,
				25688D7228B3AA9600C38D1B /* TeammateCardSolutionContainer.swift in Sources */,
				25688D6528B39ACA00C38D1B /* DiscussionRouter.swift in Sources */,
				25111AC728A7583900FDF69E /* AppDelegate.swift in Sources */,
				4D5C838E28AA2D65005F01F8 /* AuthManager.swift in Sources */,
				25B3681928B15CB700B75853 /* ButtonProblemCell.swift in Sources */,
				25111AE528A7601600FDF69E /* SavedCardInteractor.swift in Sources */,
				25688D6128B39ACA00C38D1B /* ProblemDiscussionCell.swift in Sources */,
				25111AF128A8A41C00FDF69E /* SavedCardTableViewCell.swift in Sources */,
				25111AE628A7601600FDF69E /* SavedCardContainer.swift in Sources */,
				82810EF428B0239B005D8FC0 /* EnterPlayerNameViewController.swift in Sources */,
				25085F4028B0FDB0001A27A2 /* PlayerProblemsPresenter.swift in Sources */,
				82BD761828B018BD00FFBFEF /* UIColorOrPictureButton.swift in Sources */,
				4D434C6528B61EA300EB084D /* Extensions.swift in Sources */,
				82BD761F28B018BD00FFBFEF /* StartBrainStormViewController.swift in Sources */,
				4D5C839428AA696A005F01F8 /* DatabaseManager.swift in Sources */,
				4D434C6328B61EA300EB084D /* CardsLayout.swift in Sources */,
				4D5C839228AA2EA1005F01F8 /* User.swift in Sources */,
				25085F4428B0FDB0001A27A2 /* PlayerProblemsInteractor.swift in Sources */,
				25111AE428A7601600FDF69E /* SavedCardProtocols.swift in Sources */,
				82810EF728B0239B005D8FC0 /* EnterPlayerNameProtocols.swift in Sources */,
				25688D8228B4E34F00C38D1B /* CardView.swift in Sources */,
				82BD762128B018BD00FFBFEF /* ThemeCell.swift in Sources */,
				25688D7028B3AA9600C38D1B /* TeammateCardSolutionViewController.swift in Sources */,
				25688D5628B37C9800C38D1B /* GameModel.swift in Sources */,
				82BD764728B01F4900FFBFEF /* ProfilePresenter.swift in Sources */,
				25111AE228A7601600FDF69E /* SavedCardRouter.swift in Sources */,
				25085F4528B0FDB0001A27A2 /* PlayerProblemsContainer.swift in Sources */,
				4D434C6228B61EA300EB084D /* CardSliderViewController.swift in Sources */,
				82BD763E28B01A8600FFBFEF /* OpenedCardContainer.swift in Sources */,
				25085F4328B0FDB0001A27A2 /* PlayerProblemsProtocols.swift in Sources */,
				25085F4728B108A4001A27A2 /* Timer.swift in Sources */,
				25111AC928A7583900FDF69E /* SceneDelegate.swift in Sources */,
			);
			runOnlyForDeploymentPostprocessing = 0;
		};
/* End PBXSourcesBuildPhase section */

/* Begin PBXVariantGroup section */
		25111AD128A7583C00FDF69E /* LaunchScreen.storyboard */ = {
			isa = PBXVariantGroup;
			children = (
				25111AD228A7583C00FDF69E /* Base */,
			);
			name = LaunchScreen.storyboard;
			sourceTree = "<group>";
		};
/* End PBXVariantGroup section */

/* Begin XCBuildConfiguration section */
		25111AD528A7583C00FDF69E /* Debug */ = {
			isa = XCBuildConfiguration;
			buildSettings = {
				ALWAYS_SEARCH_USER_PATHS = NO;
				CLANG_ANALYZER_NONNULL = YES;
				CLANG_ANALYZER_NUMBER_OBJECT_CONVERSION = YES_AGGRESSIVE;
				CLANG_CXX_LANGUAGE_STANDARD = "gnu++17";
				CLANG_ENABLE_MODULES = YES;
				CLANG_ENABLE_OBJC_ARC = YES;
				CLANG_ENABLE_OBJC_WEAK = YES;
				CLANG_WARN_BLOCK_CAPTURE_AUTORELEASING = YES;
				CLANG_WARN_BOOL_CONVERSION = YES;
				CLANG_WARN_COMMA = YES;
				CLANG_WARN_CONSTANT_CONVERSION = YES;
				CLANG_WARN_DEPRECATED_OBJC_IMPLEMENTATIONS = YES;
				CLANG_WARN_DIRECT_OBJC_ISA_USAGE = YES_ERROR;
				CLANG_WARN_DOCUMENTATION_COMMENTS = YES;
				CLANG_WARN_EMPTY_BODY = YES;
				CLANG_WARN_ENUM_CONVERSION = YES;
				CLANG_WARN_INFINITE_RECURSION = YES;
				CLANG_WARN_INT_CONVERSION = YES;
				CLANG_WARN_NON_LITERAL_NULL_CONVERSION = YES;
				CLANG_WARN_OBJC_IMPLICIT_RETAIN_SELF = YES;
				CLANG_WARN_OBJC_LITERAL_CONVERSION = YES;
				CLANG_WARN_OBJC_ROOT_CLASS = YES_ERROR;
				CLANG_WARN_QUOTED_INCLUDE_IN_FRAMEWORK_HEADER = YES;
				CLANG_WARN_RANGE_LOOP_ANALYSIS = YES;
				CLANG_WARN_STRICT_PROTOTYPES = YES;
				CLANG_WARN_SUSPICIOUS_MOVE = YES;
				CLANG_WARN_UNGUARDED_AVAILABILITY = YES_AGGRESSIVE;
				CLANG_WARN_UNREACHABLE_CODE = YES;
				CLANG_WARN__DUPLICATE_METHOD_MATCH = YES;
				COPY_PHASE_STRIP = NO;
				DEBUG_INFORMATION_FORMAT = dwarf;
				ENABLE_STRICT_OBJC_MSGSEND = YES;
				ENABLE_TESTABILITY = YES;
				GCC_C_LANGUAGE_STANDARD = gnu11;
				GCC_DYNAMIC_NO_PIC = NO;
				GCC_NO_COMMON_BLOCKS = YES;
				GCC_OPTIMIZATION_LEVEL = 0;
				GCC_PREPROCESSOR_DEFINITIONS = (
					"DEBUG=1",
					"$(inherited)",
				);
				GCC_WARN_64_TO_32_BIT_CONVERSION = YES;
				GCC_WARN_ABOUT_RETURN_TYPE = YES_ERROR;
				GCC_WARN_UNDECLARED_SELECTOR = YES;
				GCC_WARN_UNINITIALIZED_AUTOS = YES_AGGRESSIVE;
				GCC_WARN_UNUSED_FUNCTION = YES;
				GCC_WARN_UNUSED_VARIABLE = YES;
				IPHONEOS_DEPLOYMENT_TARGET = 15.5;
				MTL_ENABLE_DEBUG_INFO = INCLUDE_SOURCE;
				MTL_FAST_MATH = YES;
				ONLY_ACTIVE_ARCH = YES;
				SDKROOT = iphoneos;
				SWIFT_ACTIVE_COMPILATION_CONDITIONS = DEBUG;
				SWIFT_OPTIMIZATION_LEVEL = "-Onone";
			};
			name = Debug;
		};
		25111AD628A7583C00FDF69E /* Release */ = {
			isa = XCBuildConfiguration;
			buildSettings = {
				ALWAYS_SEARCH_USER_PATHS = NO;
				CLANG_ANALYZER_NONNULL = YES;
				CLANG_ANALYZER_NUMBER_OBJECT_CONVERSION = YES_AGGRESSIVE;
				CLANG_CXX_LANGUAGE_STANDARD = "gnu++17";
				CLANG_ENABLE_MODULES = YES;
				CLANG_ENABLE_OBJC_ARC = YES;
				CLANG_ENABLE_OBJC_WEAK = YES;
				CLANG_WARN_BLOCK_CAPTURE_AUTORELEASING = YES;
				CLANG_WARN_BOOL_CONVERSION = YES;
				CLANG_WARN_COMMA = YES;
				CLANG_WARN_CONSTANT_CONVERSION = YES;
				CLANG_WARN_DEPRECATED_OBJC_IMPLEMENTATIONS = YES;
				CLANG_WARN_DIRECT_OBJC_ISA_USAGE = YES_ERROR;
				CLANG_WARN_DOCUMENTATION_COMMENTS = YES;
				CLANG_WARN_EMPTY_BODY = YES;
				CLANG_WARN_ENUM_CONVERSION = YES;
				CLANG_WARN_INFINITE_RECURSION = YES;
				CLANG_WARN_INT_CONVERSION = YES;
				CLANG_WARN_NON_LITERAL_NULL_CONVERSION = YES;
				CLANG_WARN_OBJC_IMPLICIT_RETAIN_SELF = YES;
				CLANG_WARN_OBJC_LITERAL_CONVERSION = YES;
				CLANG_WARN_OBJC_ROOT_CLASS = YES_ERROR;
				CLANG_WARN_QUOTED_INCLUDE_IN_FRAMEWORK_HEADER = YES;
				CLANG_WARN_RANGE_LOOP_ANALYSIS = YES;
				CLANG_WARN_STRICT_PROTOTYPES = YES;
				CLANG_WARN_SUSPICIOUS_MOVE = YES;
				CLANG_WARN_UNGUARDED_AVAILABILITY = YES_AGGRESSIVE;
				CLANG_WARN_UNREACHABLE_CODE = YES;
				CLANG_WARN__DUPLICATE_METHOD_MATCH = YES;
				COPY_PHASE_STRIP = NO;
				DEBUG_INFORMATION_FORMAT = "dwarf-with-dsym";
				ENABLE_NS_ASSERTIONS = NO;
				ENABLE_STRICT_OBJC_MSGSEND = YES;
				GCC_C_LANGUAGE_STANDARD = gnu11;
				GCC_NO_COMMON_BLOCKS = YES;
				GCC_WARN_64_TO_32_BIT_CONVERSION = YES;
				GCC_WARN_ABOUT_RETURN_TYPE = YES_ERROR;
				GCC_WARN_UNDECLARED_SELECTOR = YES;
				GCC_WARN_UNINITIALIZED_AUTOS = YES_AGGRESSIVE;
				GCC_WARN_UNUSED_FUNCTION = YES;
				GCC_WARN_UNUSED_VARIABLE = YES;
				IPHONEOS_DEPLOYMENT_TARGET = 15.5;
				MTL_ENABLE_DEBUG_INFO = NO;
				MTL_FAST_MATH = YES;
				SDKROOT = iphoneos;
				SWIFT_COMPILATION_MODE = wholemodule;
				SWIFT_OPTIMIZATION_LEVEL = "-O";
				VALIDATE_PRODUCT = YES;
			};
			name = Release;
		};
		25111AD828A7583C00FDF69E /* Debug */ = {
			isa = XCBuildConfiguration;
			baseConfigurationReference = 3793AA92937FE52E8789537A /* Pods-BrainStorm.debug.xcconfig */;
			buildSettings = {
				ASSETCATALOG_COMPILER_APPICON_NAME = AppIcon;
				ASSETCATALOG_COMPILER_GLOBAL_ACCENT_COLOR_NAME = AccentColor;
				CODE_SIGN_STYLE = Automatic;
				CURRENT_PROJECT_VERSION = 1;
				DEVELOPMENT_TEAM = 57AUSRK5Z9;
				GENERATE_INFOPLIST_FILE = YES;
				INFOPLIST_FILE = BrainStorm/Info.plist;
				INFOPLIST_KEY_UIApplicationSupportsIndirectInputEvents = YES;
				INFOPLIST_KEY_UILaunchStoryboardName = LaunchScreen;
				INFOPLIST_KEY_UISupportedInterfaceOrientations_iPad = "UIInterfaceOrientationPortrait UIInterfaceOrientationPortraitUpsideDown UIInterfaceOrientationLandscapeLeft UIInterfaceOrientationLandscapeRight";
				INFOPLIST_KEY_UISupportedInterfaceOrientations_iPhone = "UIInterfaceOrientationPortrait UIInterfaceOrientationLandscapeLeft UIInterfaceOrientationLandscapeRight";
				LD_RUNPATH_SEARCH_PATHS = (
					"$(inherited)",
					"@executable_path/Frameworks",
				);
				MARKETING_VERSION = 1.0;
				PRODUCT_BUNDLE_IDENTIFIER = SiriusVkMarmaladesInPorridge.BrainStorm;
				PRODUCT_NAME = "$(TARGET_NAME)";
				SWIFT_EMIT_LOC_STRINGS = YES;
				SWIFT_VERSION = 5.0;
				TARGETED_DEVICE_FAMILY = "1,2";
			};
			name = Debug;
		};
		25111AD928A7583C00FDF69E /* Release */ = {
			isa = XCBuildConfiguration;
			baseConfigurationReference = 72A4D0533A2903A310528EC9 /* Pods-BrainStorm.release.xcconfig */;
			buildSettings = {
				ASSETCATALOG_COMPILER_APPICON_NAME = AppIcon;
				ASSETCATALOG_COMPILER_GLOBAL_ACCENT_COLOR_NAME = AccentColor;
				CODE_SIGN_STYLE = Automatic;
				CURRENT_PROJECT_VERSION = 1;
				DEVELOPMENT_TEAM = 57AUSRK5Z9;
				GENERATE_INFOPLIST_FILE = YES;
				INFOPLIST_FILE = BrainStorm/Info.plist;
				INFOPLIST_KEY_UIApplicationSupportsIndirectInputEvents = YES;
				INFOPLIST_KEY_UILaunchStoryboardName = LaunchScreen;
				INFOPLIST_KEY_UISupportedInterfaceOrientations_iPad = "UIInterfaceOrientationPortrait UIInterfaceOrientationPortraitUpsideDown UIInterfaceOrientationLandscapeLeft UIInterfaceOrientationLandscapeRight";
				INFOPLIST_KEY_UISupportedInterfaceOrientations_iPhone = "UIInterfaceOrientationPortrait UIInterfaceOrientationLandscapeLeft UIInterfaceOrientationLandscapeRight";
				LD_RUNPATH_SEARCH_PATHS = (
					"$(inherited)",
					"@executable_path/Frameworks",
				);
				MARKETING_VERSION = 1.0;
				PRODUCT_BUNDLE_IDENTIFIER = SiriusVkMarmaladesInPorridge.BrainStorm;
				PRODUCT_NAME = "$(TARGET_NAME)";
				SWIFT_EMIT_LOC_STRINGS = YES;
				SWIFT_VERSION = 5.0;
				TARGETED_DEVICE_FAMILY = "1,2";
			};
			name = Release;
		};
/* End XCBuildConfiguration section */

/* Begin XCConfigurationList section */
		25111ABE28A7583900FDF69E /* Build configuration list for PBXProject "BrainStorm" */ = {
			isa = XCConfigurationList;
			buildConfigurations = (
				25111AD528A7583C00FDF69E /* Debug */,
				25111AD628A7583C00FDF69E /* Release */,
			);
			defaultConfigurationIsVisible = 0;
			defaultConfigurationName = Release;
		};
		25111AD728A7583C00FDF69E /* Build configuration list for PBXNativeTarget "BrainStorm" */ = {
			isa = XCConfigurationList;
			buildConfigurations = (
				25111AD828A7583C00FDF69E /* Debug */,
				25111AD928A7583C00FDF69E /* Release */,
			);
			defaultConfigurationIsVisible = 0;
			defaultConfigurationName = Release;
		};
/* End XCConfigurationList section */
	};
	rootObject = 25111ABB28A7583900FDF69E /* Project object */;
}
